
Microsoft Visual Studio Solution File, Format Version 12.00
# Visual Studio Version 17
VisualStudioVersion = 17.5.002.0
MinimumVisualStudioVersion = 10.0.40219.1
Project("{2150E333-8FDC-42A3-9474-1A3956D46DE8}") = "Labfiles", "Labfiles", "{4DDE2D4F-F33D-486B-B2FB-B5061103D397}"
EndProject
Project("{2150E333-8FDC-42A3-9474-1A3956D46DE8}") = "01-analyze-images", "01-analyze-images", "{D1B1B103-5608-4764-8D6A-4F1D696FA6B8}"
EndProject
Project("{2150E333-8FDC-42A3-9474-1A3956D46DE8}") = "C-Sharp", "C-Sharp", "{5C7FAC1E-6D61-4621-9AEE-CE5E84FC50DE}"
EndProject
Project("{9A19103F-16F7-4668-BE54-9A1E7A4F7556}") = "image-analysis", "Labfiles\01-analyze-images\C-Sharp\image-analysis\image-analysis.csproj", "{34B44AD9-466A-429D-8EA8-6E21CC1B97BF}"
EndProject
Project("{2150E333-8FDC-42A3-9474-1A3956D46DE8}") = "03-object-detection", "03-object-detection", "{340546F3-DA38-4316-A40D-5FCA1DB8A1CC}"
EndProject
Project("{2150E333-8FDC-42A3-9474-1A3956D46DE8}") = "C-Sharp", "C-Sharp", "{F38AA488-F874-4E32-8651-2A1EF92221C9}"
EndProject
Project("{9A19103F-16F7-4668-BE54-9A1E7A4F7556}") = "test-detector", "Labfiles\03-object-detection\C-Sharp\test-detector\test-detector.csproj", "{FD5DDEEF-1647-4252-91D9-2D74B9A9E587}"
EndProject
Project("{9A19103F-16F7-4668-BE54-9A1E7A4F7556}") = "train-detector", "Labfiles\03-object-detection\C-Sharp\train-detector\train-detector.csproj", "{07B6E03B-2E1C-4648-8443-800FAED16CBB}"
EndProject
Project("{2150E333-8FDC-42A3-9474-1A3956D46DE8}") = "04-face", "04-face", "{7404610D-58DA-493B-9D28-4C1FE0243741}"
EndProject
Project("{2150E333-8FDC-42A3-9474-1A3956D46DE8}") = "C-Sharp", "C-Sharp", "{86D099D7-BB2F-42F8-95E6-889BE882BADA}"
EndProject
Project("{9A19103F-16F7-4668-BE54-9A1E7A4F7556}") = "detect-people", "Labfiles\04-face\C-Sharp\computer-vision\detect-people.csproj", "{1798B3A1-8160-4348-AB69-A660B67161F0}"
EndProject
Project("{9A19103F-16F7-4668-BE54-9A1E7A4F7556}") = "analyze-faces", "Labfiles\04-face\C-Sharp\face-api\analyze-faces.csproj", "{B9E4C431-E24C-4479-AD97-05F3113CDCEE}"
EndProject
Project("{2150E333-8FDC-42A3-9474-1A3956D46DE8}") = "05-ocr", "05-ocr", "{96AA5FBC-217C-48FB-99E0-A59B827EB559}"
EndProject
Project("{2150E333-8FDC-42A3-9474-1A3956D46DE8}") = "C-Sharp", "C-Sharp", "{22BAD766-F8AC-4702-840B-335616042AFB}"
EndProject
Project("{9A19103F-16F7-4668-BE54-9A1E7A4F7556}") = "read-text", "Labfiles\05-ocr\C-Sharp\read-text\read-text.csproj", "{7542B2BD-1E2F-4BB7-90B4-9AC572822FAA}"
EndProject
Project("{2150E333-8FDC-42A3-9474-1A3956D46DE8}") = "07-custom-vision-image-classification", "07-custom-vision-image-classification", "{FC17125D-8AA2-45EE-95D8-55168EF739B7}"
EndProject
Project("{2150E333-8FDC-42A3-9474-1A3956D46DE8}") = "C-Sharp", "C-Sharp", "{05ADD933-3A57-4397-B5E8-A40BFCEFEAE1}"
EndProject
Project("{9A19103F-16F7-4668-BE54-9A1E7A4F7556}") = "test-classifier", "Labfiles\07-custom-vision-image-classification\C-Sharp\test-classifier\test-classifier.csproj", "{F2391E82-9438-4334-A6CA-5CD99218C2D2}"
EndProject
Project("{9A19103F-16F7-4668-BE54-9A1E7A4F7556}") = "train-classifier", "Labfiles\07-custom-vision-image-classification\C-Sharp\train-classifier\train-classifier.csproj", "{F70C95AF-ACBE-4B96-8C1D-130E87218071}"
EndProject
Global
	GlobalSection(SolutionConfigurationPlatforms) = preSolution
		Debug|Any CPU = Debug|Any CPU
		Release|Any CPU = Release|Any CPU
	EndGlobalSection
	GlobalSection(ProjectConfigurationPlatforms) = postSolution
		{34B44AD9-466A-429D-8EA8-6E21CC1B97BF}.Debug|Any CPU.ActiveCfg = Debug|Any CPU
		{34B44AD9-466A-429D-8EA8-6E21CC1B97BF}.Debug|Any CPU.Build.0 = Debug|Any CPU
		{34B44AD9-466A-429D-8EA8-6E21CC1B97BF}.Release|Any CPU.ActiveCfg = Release|Any CPU
		{34B44AD9-466A-429D-8EA8-6E21CC1B97BF}.Release|Any CPU.Build.0 = Release|Any CPU
		{FD5DDEEF-1647-4252-91D9-2D74B9A9E587}.Debug|Any CPU.ActiveCfg = Debug|Any CPU
		{FD5DDEEF-1647-4252-91D9-2D74B9A9E587}.Debug|Any CPU.Build.0 = Debug|Any CPU
		{FD5DDEEF-1647-4252-91D9-2D74B9A9E587}.Release|Any CPU.ActiveCfg = Release|Any CPU
		{FD5DDEEF-1647-4252-91D9-2D74B9A9E587}.Release|Any CPU.Build.0 = Release|Any CPU
		{07B6E03B-2E1C-4648-8443-800FAED16CBB}.Debug|Any CPU.ActiveCfg = Debug|Any CPU
		{07B6E03B-2E1C-4648-8443-800FAED16CBB}.Debug|Any CPU.Build.0 = Debug|Any CPU
		{07B6E03B-2E1C-4648-8443-800FAED16CBB}.Release|Any CPU.ActiveCfg = Release|Any CPU
		{07B6E03B-2E1C-4648-8443-800FAED16CBB}.Release|Any CPU.Build.0 = Release|Any CPU
		{1798B3A1-8160-4348-AB69-A660B67161F0}.Debug|Any CPU.ActiveCfg = Debug|Any CPU
		{1798B3A1-8160-4348-AB69-A660B67161F0}.Debug|Any CPU.Build.0 = Debug|Any CPU
		{1798B3A1-8160-4348-AB69-A660B67161F0}.Release|Any CPU.ActiveCfg = Release|Any CPU
		{1798B3A1-8160-4348-AB69-A660B67161F0}.Release|Any CPU.Build.0 = Release|Any CPU
		{B9E4C431-E24C-4479-AD97-05F3113CDCEE}.Debug|Any CPU.ActiveCfg = Debug|Any CPU
		{B9E4C431-E24C-4479-AD97-05F3113CDCEE}.Debug|Any CPU.Build.0 = Debug|Any CPU
		{B9E4C431-E24C-4479-AD97-05F3113CDCEE}.Release|Any CPU.ActiveCfg = Release|Any CPU
		{B9E4C431-E24C-4479-AD97-05F3113CDCEE}.Release|Any CPU.Build.0 = Release|Any CPU
		{7542B2BD-1E2F-4BB7-90B4-9AC572822FAA}.Debug|Any CPU.ActiveCfg = Debug|Any CPU
		{7542B2BD-1E2F-4BB7-90B4-9AC572822FAA}.Debug|Any CPU.Build.0 = Debug|Any CPU
		{7542B2BD-1E2F-4BB7-90B4-9AC572822FAA}.Release|Any CPU.ActiveCfg = Release|Any CPU
		{7542B2BD-1E2F-4BB7-90B4-9AC572822FAA}.Release|Any CPU.Build.0 = Release|Any CPU
		{F2391E82-9438-4334-A6CA-5CD99218C2D2}.Debug|Any CPU.ActiveCfg = Debug|Any CPU
		{F2391E82-9438-4334-A6CA-5CD99218C2D2}.Debug|Any CPU.Build.0 = Debug|Any CPU
		{F2391E82-9438-4334-A6CA-5CD99218C2D2}.Release|Any CPU.ActiveCfg = Release|Any CPU
		{F2391E82-9438-4334-A6CA-5CD99218C2D2}.Release|Any CPU.Build.0 = Release|Any CPU
		{F70C95AF-ACBE-4B96-8C1D-130E87218071}.Debug|Any CPU.ActiveCfg = Debug|Any CPU
		{F70C95AF-ACBE-4B96-8C1D-130E87218071}.Debug|Any CPU.Build.0 = Debug|Any CPU
		{F70C95AF-ACBE-4B96-8C1D-130E87218071}.Release|Any CPU.ActiveCfg = Release|Any CPU
		{F70C95AF-ACBE-4B96-8C1D-130E87218071}.Release|Any CPU.Build.0 = Release|Any CPU
	EndGlobalSection
	GlobalSection(SolutionProperties) = preSolution
		HideSolutionNode = FALSE
	EndGlobalSection
	GlobalSection(NestedProjects) = preSolution
		{D1B1B103-5608-4764-8D6A-4F1D696FA6B8} = {4DDE2D4F-F33D-486B-B2FB-B5061103D397}
		{5C7FAC1E-6D61-4621-9AEE-CE5E84FC50DE} = {D1B1B103-5608-4764-8D6A-4F1D696FA6B8}
		{34B44AD9-466A-429D-8EA8-6E21CC1B97BF} = {5C7FAC1E-6D61-4621-9AEE-CE5E84FC50DE}
		{340546F3-DA38-4316-A40D-5FCA1DB8A1CC} = {4DDE2D4F-F33D-486B-B2FB-B5061103D397}
		{F38AA488-F874-4E32-8651-2A1EF92221C9} = {340546F3-DA38-4316-A40D-5FCA1DB8A1CC}
		{FD5DDEEF-1647-4252-91D9-2D74B9A9E587} = {F38AA488-F874-4E32-8651-2A1EF92221C9}
		{07B6E03B-2E1C-4648-8443-800FAED16CBB} = {F38AA488-F874-4E32-8651-2A1EF92221C9}
		{7404610D-58DA-493B-9D28-4C1FE0243741} = {4DDE2D4F-F33D-486B-B2FB-B5061103D397}
		{86D099D7-BB2F-42F8-95E6-889BE882BADA} = {7404610D-58DA-493B-9D28-4C1FE0243741}
		{1798B3A1-8160-4348-AB69-A660B67161F0} = {86D099D7-BB2F-42F8-95E6-889BE882BADA}
		{B9E4C431-E24C-4479-AD97-05F3113CDCEE} = {86D099D7-BB2F-42F8-95E6-889BE882BADA}
		{96AA5FBC-217C-48FB-99E0-A59B827EB559} = {4DDE2D4F-F33D-486B-B2FB-B5061103D397}
		{22BAD766-F8AC-4702-840B-335616042AFB} = {96AA5FBC-217C-48FB-99E0-A59B827EB559}
		{7542B2BD-1E2F-4BB7-90B4-9AC572822FAA} = {22BAD766-F8AC-4702-840B-335616042AFB}
		{FC17125D-8AA2-45EE-95D8-55168EF739B7} = {4DDE2D4F-F33D-486B-B2FB-B5061103D397}
		{05ADD933-3A57-4397-B5E8-A40BFCEFEAE1} = {FC17125D-8AA2-45EE-95D8-55168EF739B7}
		{F2391E82-9438-4334-A6CA-5CD99218C2D2} = {05ADD933-3A57-4397-B5E8-A40BFCEFEAE1}
		{F70C95AF-ACBE-4B96-8C1D-130E87218071} = {05ADD933-3A57-4397-B5E8-A40BFCEFEAE1}
	EndGlobalSection
	GlobalSection(ExtensibilityGlobals) = postSolution
		SolutionGuid = {9A28FD2A-CC2E-4C01-AB9C-107BF3781863}
	EndGlobalSection
EndGlobal
